
Microsoft Visual Studio Solution File, Format Version 12.00
# Visual Studio Version 16
VisualStudioVersion = 16.0.31702.278
MinimumVisualStudioVersion = 10.0.40219.1
Project("{9A19103F-16F7-4668-BE54-9A1E7A4F7556}") = "SentimentAnalyzer", "SentimentAnalyzer\SentimentAnalyzer.csproj", "{4C56258C-8BB5-4707-A06F-86A9FE17634E}"
EndProject
Project("{9A19103F-16F7-4668-BE54-9A1E7A4F7556}") = "SentimentAnalyzer.Tests", "SentimentAnalyzer.Tests\SentimentAnalyzer.Tests.csproj", "{C011E02E-7602-4B2A-918D-CA3831560DA8}"
EndProject
Global
	GlobalSection(SolutionConfigurationPlatforms) = preSolution
		Debug|Any CPU = Debug|Any CPU
		Release|Any CPU = Release|Any CPU
	EndGlobalSection
	GlobalSection(ProjectConfigurationPlatforms) = postSolution
		{4C56258C-8BB5-4707-A06F-86A9FE17634E}.Debug|Any CPU.ActiveCfg = Debug|Any CPU
		{4C56258C-8BB5-4707-A06F-86A9FE17634E}.Debug|Any CPU.Build.0 = Debug|Any CPU
		{4C56258C-8BB5-4707-A06F-86A9FE17634E}.Release|Any CPU.ActiveCfg = Release|Any CPU
		{4C56258C-8BB5-4707-A06F-86A9FE17634E}.Release|Any CPU.Build.0 = Release|Any CPU
		{C011E02E-7602-4B2A-918D-CA3831560DA8}.Debug|Any CPU.ActiveCfg = Debug|Any CPU
		{C011E02E-7602-4B2A-918D-CA3831560DA8}.Debug|Any CPU.Build.0 = Debug|Any CPU
		{C011E02E-7602-4B2A-918D-CA3831560DA8}.Release|Any CPU.ActiveCfg = Release|Any CPU
		{C011E02E-7602-4B2A-918D-CA3831560DA8}.Release|Any CPU.Build.0 = Release|Any CPU
	EndGlobalSection
	GlobalSection(SolutionProperties) = preSolution
		HideSolutionNode = FALSE
	EndGlobalSection
	GlobalSection(ExtensibilityGlobals) = postSolution
		SolutionGuid = {E64C8007-4690-4AAC-84A2-5D73F1A7418D}
	EndGlobalSection
EndGlobal
